
Microsoft Visual Studio Solution File, Format Version 12.00
# Visual Studio Version 17
VisualStudioVersion = 17.9.34902.65
MinimumVisualStudioVersion = 10.0.40219.1
Project("{9A19103F-16F7-4668-BE54-9A1E7A4F7556}") = "IdentityServer", "IdentityServer.csproj", "{76AEBFE7-80C9-4D96-8A96-397DA743C80D}"
EndProject
Global
	GlobalSection(SolutionConfigurationPlatforms) = preSolution
		Debug|Any CPU = Debug|Any CPU
		Release|Any CPU = Release|Any CPU
	EndGlobalSection
	GlobalSection(ProjectConfigurationPlatforms) = postSolution
		{76AEBFE7-80C9-4D96-8A96-397DA743C80D}.Debug|Any CPU.ActiveCfg = Debug|Any CPU
		{76AEBFE7-80C9-4D96-8A96-397DA743C80D}.Debug|Any CPU.Build.0 = Debug|Any CPU
		{76AEBFE7-80C9-4D96-8A96-397DA743C80D}.Release|Any CPU.ActiveCfg = Release|Any CPU
		{76AEBFE7-80C9-4D96-8A96-397DA743C80D}.Release|Any CPU.Build.0 = Release|Any CPU
	EndGlobalSection
	GlobalSection(SolutionProperties) = preSolution
		HideSolutionNode = FALSE
	EndGlobalSection
	GlobalSection(ExtensibilityGlobals) = postSolution
		SolutionGuid = {09F9833E-3A5D-4AE4-8D65-BBC193EED300}
	EndGlobalSection
EndGlobal
